
Microsoft Visual Studio Solution File, Format Version 12.00
# Visual Studio Version 17
VisualStudioVersion = 17.0.31903.59
MinimumVisualStudioVersion = 10.0.40219.1
Project("{FAE04EC0-301F-11D3-BF4B-00C04F79EFBC}") = "API", "API\API.csproj", "{55AB0CE0-073C-4269-8E65-FA0B3129809A}"
EndProject
Project("{FAE04EC0-301F-11D3-BF4B-00C04F79EFBC}") = "Application", "Application\Application.csproj", "{DA7B0885-B911-4BF6-9BEE-548CAEFDE48D}"
EndProject
Project("{FAE04EC0-301F-11D3-BF4B-00C04F79EFBC}") = "Persistance", "Persistance\Persistance.csproj", "{302AA6F1-DDDC-4D0A-9327-1F2B29A6306D}"
EndProject
Project("{FAE04EC0-301F-11D3-BF4B-00C04F79EFBC}") = "Domain", "Domain\Domain.csproj", "{F8372DD3-A5E0-412B-BB6D-220AE87A4DCE}"
EndProject
Global
	GlobalSection(SolutionConfigurationPlatforms) = preSolution
		Debug|Any CPU = Debug|Any CPU
		Release|Any CPU = Release|Any CPU
	EndGlobalSection
	GlobalSection(SolutionProperties) = preSolution
		HideSolutionNode = FALSE
	EndGlobalSection
	GlobalSection(ProjectConfigurationPlatforms) = postSolution
		{55AB0CE0-073C-4269-8E65-FA0B3129809A}.Debug|Any CPU.ActiveCfg = Debug|Any CPU
		{55AB0CE0-073C-4269-8E65-FA0B3129809A}.Debug|Any CPU.Build.0 = Debug|Any CPU
		{55AB0CE0-073C-4269-8E65-FA0B3129809A}.Release|Any CPU.ActiveCfg = Release|Any CPU
		{55AB0CE0-073C-4269-8E65-FA0B3129809A}.Release|Any CPU.Build.0 = Release|Any CPU
		{DA7B0885-B911-4BF6-9BEE-548CAEFDE48D}.Debug|Any CPU.ActiveCfg = Debug|Any CPU
		{DA7B0885-B911-4BF6-9BEE-548CAEFDE48D}.Debug|Any CPU.Build.0 = Debug|Any CPU
		{DA7B0885-B911-4BF6-9BEE-548CAEFDE48D}.Release|Any CPU.ActiveCfg = Release|Any CPU
		{DA7B0885-B911-4BF6-9BEE-548CAEFDE48D}.Release|Any CPU.Build.0 = Release|Any CPU
		{302AA6F1-DDDC-4D0A-9327-1F2B29A6306D}.Debug|Any CPU.ActiveCfg = Debug|Any CPU
		{302AA6F1-DDDC-4D0A-9327-1F2B29A6306D}.Debug|Any CPU.Build.0 = Debug|Any CPU
		{302AA6F1-DDDC-4D0A-9327-1F2B29A6306D}.Release|Any CPU.ActiveCfg = Release|Any CPU
		{302AA6F1-DDDC-4D0A-9327-1F2B29A6306D}.Release|Any CPU.Build.0 = Release|Any CPU
		{F8372DD3-A5E0-412B-BB6D-220AE87A4DCE}.Debug|Any CPU.ActiveCfg = Debug|Any CPU
		{F8372DD3-A5E0-412B-BB6D-220AE87A4DCE}.Debug|Any CPU.Build.0 = Debug|Any CPU
		{F8372DD3-A5E0-412B-BB6D-220AE87A4DCE}.Release|Any CPU.ActiveCfg = Release|Any CPU
		{F8372DD3-A5E0-412B-BB6D-220AE87A4DCE}.Release|Any CPU.Build.0 = Release|Any CPU
	EndGlobalSection
EndGlobal
